
Microsoft Visual Studio Solution File, Format Version 12.00
# Visual Studio Version 17
VisualStudioVersion = 17.11.35219.272
MinimumVisualStudioVersion = 10.0.40219.1
Project("{FAE04EC0-301F-11D3-BF4B-00C04F79EFBC}") = "Edunova_Love_Calculator", "Edunova_Love_Calculator\Edunova_Love_Calculator.csproj", "{6A2D5E6B-376F-44C8-A392-72006C7DE409}"
EndProject
Global
	GlobalSection(SolutionConfigurationPlatforms) = preSolution
		Debug|Any CPU = Debug|Any CPU
		Release|Any CPU = Release|Any CPU
	EndGlobalSection
	GlobalSection(ProjectConfigurationPlatforms) = postSolution
		{6A2D5E6B-376F-44C8-A392-72006C7DE409}.Debug|Any CPU.ActiveCfg = Debug|Any CPU
		{6A2D5E6B-376F-44C8-A392-72006C7DE409}.Debug|Any CPU.Build.0 = Debug|Any CPU
		{6A2D5E6B-376F-44C8-A392-72006C7DE409}.Release|Any CPU.ActiveCfg = Release|Any CPU
		{6A2D5E6B-376F-44C8-A392-72006C7DE409}.Release|Any CPU.Build.0 = Release|Any CPU
	EndGlobalSection
	GlobalSection(SolutionProperties) = preSolution
		HideSolutionNode = FALSE
	EndGlobalSection
	GlobalSection(ExtensibilityGlobals) = postSolution
		SolutionGuid = {C1580507-6AB5-4EF1-AA8C-EA011FE00204}
	EndGlobalSection
EndGlobal
